lockfileVersion: '9.0'

settings:
  autoInstallPeers: true
  excludeLinksFromLockfile: false

importers:

  .:
    dependencies:
      '@gootte/contract':
        specifier: workspace:*
        version: link:../contract
      '@gootte/core':
        specifier: workspace:*
        version: link:../core
      '@gootte/core-io':
        specifier: workspace:*
        version: link:../core-io
      '@hono/node-server':
        specifier: ^1.13.7
        version: 1.19.15(hono@4.12.32)
      '@hono/node-ws':
        specifier: ^1.3.1
        version: 1.3.1(@hono/node-server@1.19.15(hono@4.12.32))(hono@4.12.32)
      hono:
        specifier: ^4.6.13
        version: 4.12.32

packages:

  '@hono/node-server@1.19.15':
    resolution: {integrity: sha512-Za2ai6TLdKjUvnur+eenO6nuYYipVAEhyCAdaV8IRvmU9kK8crOZUSYvIXn72E4f8fJqyAbpcJuTsYYmZp9Deg==}
    engines: {node: '>=18.14.1'}
    peerDependencies:
      hono: ^4

  '@hono/node-ws@1.3.1':
    resolution: {integrity: sha512-vo/MwCnpJAVHBkGzWjCJ28wF45fYHAfbPZcH2rodZODHtch2GHA94KtMfusmVycTUtsLAsaNsHhtY6P8X3RQsA==}
    engines: {node: '>=18.14.1'}
    peerDependencies:
      '@hono/node-server': ^1.19.11
      hono: ^4.6.0

  hono@4.12.32:
    resolution: {integrity: sha512-XcuyW9qE2kJn07PkecMOBd5Vq/hMy7mmGw+idz1yblbg9N17ijJODrvPkn7/dwL3Kulj8LcRJ69DLOWf91dRUg==}
    engines: {node: '>=16.9.0'}

  ws@8.21.1:
    resolution: {integrity: sha512-+0NTnW77fFN/DjQi6k/Sq/Yvk4Sgajw7urW8V+asjXnRgDs9gyGkdb7EzgfhA4goXsRIZKE28fzIXBHEzhuiWw==}
    engines: {node: '>=10.0.0'}
    peerDependencies:
      bufferutil: ^4.0.1
      utf-8-validate: '>=5.0.2'
    peerDependenciesMeta:
      bufferutil:
        optional: true
      utf-8-validate:
        optional: true

snapshots:

  '@hono/node-server@1.19.15(hono@4.12.32)':
    dependencies:
      hono: 4.12.32

  '@hono/node-ws@1.3.1(@hono/node-server@1.19.15(hono@4.12.32))(hono@4.12.32)':
    dependencies:
      '@hono/node-server': 1.19.15(hono@4.12.32)
      hono: 4.12.32
      ws: 8.21.1
    transitivePeerDependencies:
      - bufferutil
      - utf-8-validate

  hono@4.12.32: {}

  ws@8.21.1: {}
